
Microsoft Visual Studio Solution File, Format Version 12.00
# Visual Studio Version 16
VisualStudioVersion = 16.0.30907.101
MinimumVisualStudioVersion = 10.0.40219.1
Project("{9A19103F-16F7-4668-BE54-9A1E7A4F7556}") = "Exercise1", "Exercise1\Exercise1.csproj", "{B60EEC2A-5CBB-47D5-9B1A-309B85EB485D}"
EndProject
Project("{9A19103F-16F7-4668-BE54-9A1E7A4F7556}") = "Exercise2", "Exercise2\Exercise2.csproj", "{29942BAB-A877-41FF-BD57-9F678BA62EF5}"
EndProject
Project("{9A19103F-16F7-4668-BE54-9A1E7A4F7556}") = "Exercise3", "Exercise3\Exercise3.csproj", "{8A3B7533-5009-4AB6-8107-2D550A78F8C9}"
EndProject
Project("{FAE04EC0-301F-11D3-BF4B-00C04F79EFBC}") = "FinalTask", "FinalTask\FinalTask.csproj", "{E4BDD4E7-2D0B-4E87-BA0B-33A50CCCFF41}"
EndProject
Global
	GlobalSection(SolutionConfigurationPlatforms) = preSolution
		Debug|Any CPU = Debug|Any CPU
		Release|Any CPU = Release|Any CPU
	EndGlobalSection
	GlobalSection(ProjectConfigurationPlatforms) = postSolution
		{B60EEC2A-5CBB-47D5-9B1A-309B85EB485D}.Debug|Any CPU.ActiveCfg = Debug|Any CPU
		{B60EEC2A-5CBB-47D5-9B1A-309B85EB485D}.Debug|Any CPU.Build.0 = Debug|Any CPU
		{B60EEC2A-5CBB-47D5-9B1A-309B85EB485D}.Release|Any CPU.ActiveCfg = Release|Any CPU
		{B60EEC2A-5CBB-47D5-9B1A-309B85EB485D}.Release|Any CPU.Build.0 = Release|Any CPU
		{29942BAB-A877-41FF-BD57-9F678BA62EF5}.Debug|Any CPU.ActiveCfg = Debug|Any CPU
		{29942BAB-A877-41FF-BD57-9F678BA62EF5}.Debug|Any CPU.Build.0 = Debug|Any CPU
		{29942BAB-A877-41FF-BD57-9F678BA62EF5}.Release|Any CPU.ActiveCfg = Release|Any CPU
		{29942BAB-A877-41FF-BD57-9F678BA62EF5}.Release|Any CPU.Build.0 = Release|Any CPU
		{8A3B7533-5009-4AB6-8107-2D550A78F8C9}.Debug|Any CPU.ActiveCfg = Debug|Any CPU
		{8A3B7533-5009-4AB6-8107-2D550A78F8C9}.Debug|Any CPU.Build.0 = Debug|Any CPU
		{8A3B7533-5009-4AB6-8107-2D550A78F8C9}.Release|Any CPU.ActiveCfg = Release|Any CPU
		{8A3B7533-5009-4AB6-8107-2D550A78F8C9}.Release|Any CPU.Build.0 = Release|Any CPU
		{E4BDD4E7-2D0B-4E87-BA0B-33A50CCCFF41}.Debug|Any CPU.ActiveCfg = Debug|Any CPU
		{E4BDD4E7-2D0B-4E87-BA0B-33A50CCCFF41}.Debug|Any CPU.Build.0 = Debug|Any CPU
		{E4BDD4E7-2D0B-4E87-BA0B-33A50CCCFF41}.Release|Any CPU.ActiveCfg = Release|Any CPU
		{E4BDD4E7-2D0B-4E87-BA0B-33A50CCCFF41}.Release|Any CPU.Build.0 = Release|Any CPU
	EndGlobalSection
	GlobalSection(SolutionProperties) = preSolution
		HideSolutionNode = FALSE
	EndGlobalSection
	GlobalSection(ExtensibilityGlobals) = postSolution
		SolutionGuid = {10ACB0CF-A460-409B-9E77-308B686494AC}
	EndGlobalSection
EndGlobal
